// !$*UTF8*$!
{
	archiveVersion = 1;
	classes = {
	};
	objectVersion = 50;
	objects = {

/* Begin PBXBuildFile section */
		0816591C22A001C2004FA813 /* main.cpp in Sources */ = {isa = PBXBuildFile; fileRef = 0816591B22A001C2004FA813 /* main.cpp */; };
		0816592522A001F4004FA813 /* triangle.cpp in Sources */ = {isa = PBXBuildFile; fileRef = 0816592322A001F4004FA813 /* triangle.cpp */; };
		0816593C22A00A7C004FA813 /* Cocoa.framework in Frameworks */ = {isa = PBXBuildFile; fileRef = 0816593222A00560004FA813 /* Cocoa.framework */; };
		0816593D22A00A8C004FA813 /* IOKit.framework in Frameworks */ = {isa = PBXBuildFile; fileRef = 0816593422A0056D004FA813 /* IOKit.framework */; };
		0816593E22A00A99004FA813 /* CoreVideo.framework in Frameworks */ = {isa = PBXBuildFile; fileRef = 0816593622A00575004FA813 /* CoreVideo.framework */; };
		0816594022A00ABB004FA813 /* libglfw3.a in Frameworks */ = {isa = PBXBuildFile; fileRef = 0816593F22A00ABB004FA813 /* libglfw3.a */; };
		0816594222A00ADA004FA813 /* glad.c in Sources */ = {isa = PBXBuildFile; fileRef = 0816594122A00ADA004FA813 /* glad.c */; };
		0816594822A0265D004FA813 /* triangle_exercise1.cpp in Sources */ = {isa = PBXBuildFile; fileRef = 0816594622A0265D004FA813 /* triangle_exercise1.cpp */; };
		0816594B22A028D3004FA813 /* triangle_exercise2.cpp in Sources */ = {isa = PBXBuildFile; fileRef = 0816594922A028D3004FA813 /* triangle_exercise2.cpp */; };
		0816594E22A02BA5004FA813 /* triangle_exercise3.cpp in Sources */ = {isa = PBXBuildFile; fileRef = 0816594C22A02BA5004FA813 /* triangle_exercise3.cpp */; };
		083FB435230394B8002CE9CF /* textures.cpp in Sources */ = {isa = PBXBuildFile; fileRef = 083FB433230394B8002CE9CF /* textures.cpp */; };
		083FB43A2304E98E002CE9CF /* stb_image.cpp in Sources */ = {isa = PBXBuildFile; fileRef = 083FB4392304E98D002CE9CF /* stb_image.cpp */; };
		08EDDCE322C9A5D6007A6005 /* shaders_uniform.cpp in Sources */ = {isa = PBXBuildFile; fileRef = 08EDDCE122C9A5D6007A6005 /* shaders_uniform.cpp */; };
		08EDDCE622CAEA4A007A6005 /* shaders_interpolation.cpp in Sources */ = {isa = PBXBuildFile; fileRef = 08EDDCE422CAEA4A007A6005 /* shaders_interpolation.cpp */; };
		08EDDCE922CAF0F1007A6005 /* shaders_class.cpp in Sources */ = {isa = PBXBuildFile; fileRef = 08EDDCE722CAF0F1007A6005 /* shaders_class.cpp */; };
/* End PBXBuildFile section */

/* Begin PBXCopyFilesBuildPhase section */
		0816591622A001C2004FA813 /* CopyFiles */ = {
			isa = PBXCopyFilesBuildPhase;
			buildActionMask = 2147483647;
			dstPath = /usr/share/man/man1/;
			dstSubfolderSpec = 0;
			files = (
			);
			runOnlyForDeploymentPostprocessing = 1;
		};
/* End PBXCopyFilesBuildPhase section */

/* Begin PBXFileReference section */
		0816591822A001C2004FA813 /* OpenGLDemo */ = {isa = PBXFileReference; explicitFileType = "compiled.mach-o.executable"; includeInIndex = 0; path = OpenGLDemo; sourceTree = BUILT_PRODUCTS_DIR; };
		0816591B22A001C2004FA813 /* main.cpp */ = {isa = PBXFileReference; lastKnownFileType = sourcecode.cpp.cpp; path = main.cpp; sourceTree = "<group>"; };
		0816592322A001F4004FA813 /* triangle.cpp */ = {isa = PBXFileReference; lastKnownFileType = sourcecode.cpp.cpp; path = triangle.cpp; sourceTree = "<group>"; };
		0816592422A001F4004FA813 /* triangle.hpp */ = {isa = PBXFileReference; lastKnownFileType = sourcecode.cpp.h; path = triangle.hpp; sourceTree = "<group>"; };
		0816593222A00560004FA813 /* Cocoa.framework */ = {isa = PBXFileReference; lastKnownFileType = wrapper.framework; name = Cocoa.framework; path = System/Library/Frameworks/Cocoa.framework; sourceTree = SDKROOT; };
		0816593422A0056D004FA813 /* IOKit.framework */ = {isa = PBXFileReference; lastKnownFileType = wrapper.framework; name = IOKit.framework; path = System/Library/Frameworks/IOKit.framework; sourceTree = SDKROOT; };
		0816593622A00575004FA813 /* CoreVideo.framework */ = {isa = PBXFileReference; lastKnownFileType = wrapper.framework; name = CoreVideo.framework; path = System/Library/Frameworks/CoreVideo.framework; sourceTree = SDKROOT; };
		0816593F22A00ABB004FA813 /* libglfw3.a */ = {isa = PBXFileReference; lastKnownFileType = archive.ar; path = libglfw3.a; sourceTree = "<group>"; };
		0816594122A00ADA004FA813 /* glad.c */ = {isa = PBXFileReference; fileEncoding = 4; lastKnownFileType = sourcecode.c.c; path = glad.c; sourceTree = "<group>"; };
		0816594622A0265D004FA813 /* triangle_exercise1.cpp */ = {isa = PBXFileReference; lastKnownFileType = sourcecode.cpp.cpp; path = triangle_exercise1.cpp; sourceTree = "<group>"; };
		0816594722A0265D004FA813 /* triangle_exercise1.hpp */ = {isa = PBXFileReference; lastKnownFileType = sourcecode.cpp.h; path = triangle_exercise1.hpp; sourceTree = "<group>"; };
		0816594922A028D3004FA813 /* triangle_exercise2.cpp */ = {isa = PBXFileReference; lastKnownFileType = sourcecode.cpp.cpp; path = triangle_exercise2.cpp; sourceTree = "<group>"; };
		0816594A22A028D3004FA813 /* triangle_exercise2.hpp */ = {isa = PBXFileReference; lastKnownFileType = sourcecode.cpp.h; path = triangle_exercise2.hpp; sourceTree = "<group>"; };
		0816594C22A02BA5004FA813 /* triangle_exercise3.cpp */ = {isa = PBXFileReference; lastKnownFileType = sourcecode.cpp.cpp; path = triangle_exercise3.cpp; sourceTree = "<group>"; };
		0816594D22A02BA5004FA813 /* triangle_exercise3.hpp */ = {isa = PBXFileReference; lastKnownFileType = sourcecode.cpp.h; path = triangle_exercise3.hpp; sourceTree = "<group>"; };
		083FB433230394B8002CE9CF /* textures.cpp */ = {isa = PBXFileReference; lastKnownFileType = sourcecode.cpp.cpp; path = textures.cpp; sourceTree = "<group>"; };
		083FB434230394B8002CE9CF /* textures.hpp */ = {isa = PBXFileReference; lastKnownFileType = sourcecode.cpp.h; path = textures.hpp; sourceTree = "<group>"; };
		083FB4362303A078002CE9CF /* 4.1.texture.vs */ = {isa = PBXFileReference; lastKnownFileType = sourcecode.glsl; path = 4.1.texture.vs; sourceTree = "<group>"; };
		083FB4372303A0BE002CE9CF /* 4.1.texture.fs */ = {isa = PBXFileReference; lastKnownFileType = sourcecode.glsl; path = 4.1.texture.fs; sourceTree = "<group>"; };
		083FB4382304E96D002CE9CF /* stb_image.h */ = {isa = PBXFileReference; lastKnownFileType = sourcecode.c.h; path = stb_image.h; sourceTree = "<group>"; };
		083FB4392304E98D002CE9CF /* stb_image.cpp */ = {isa = PBXFileReference; lastKnownFileType = sourcecode.cpp.cpp; path = stb_image.cpp; sourceTree = "<group>"; };
		083FB43B2304EA22002CE9CF /* container.jpg */ = {isa = PBXFileReference; lastKnownFileType = image.jpeg; path = container.jpg; sourceTree = "<group>"; };
		083FB43C2307A56D002CE9CF /* awesomeface.png */ = {isa = PBXFileReference; lastKnownFileType = image.png; path = awesomeface.png; sourceTree = "<group>"; };
		08EDDCE122C9A5D6007A6005 /* shaders_uniform.cpp */ = {isa = PBXFileReference; lastKnownFileType = sourcecode.cpp.cpp; path = shaders_uniform.cpp; sourceTree = "<group>"; };
		08EDDCE222C9A5D6007A6005 /* shaders_uniform.hpp */ = {isa = PBXFileReference; lastKnownFileType = sourcecode.cpp.h; path = shaders_uniform.hpp; sourceTree = "<group>"; };
		08EDDCE422CAEA4A007A6005 /* shaders_interpolation.cpp */ = {isa = PBXFileReference; lastKnownFileType = sourcecode.cpp.cpp; path = shaders_interpolation.cpp; sourceTree = "<group>"; };
		08EDDCE522CAEA4A007A6005 /* shaders_interpolation.hpp */ = {isa = PBXFileReference; lastKnownFileType = sourcecode.cpp.h; path = shaders_interpolation.hpp; sourceTree = "<group>"; };
		08EDDCE722CAF0F1007A6005 /* shaders_class.cpp */ = {isa = PBXFileReference; lastKnownFileType = sourcecode.cpp.cpp; path = shaders_class.cpp; sourceTree = "<group>"; };
		08EDDCE822CAF0F1007A6005 /* shaders_class.hpp */ = {isa = PBXFileReference; lastKnownFileType = sourcecode.cpp.h; path = shaders_class.hpp; sourceTree = "<group>"; };
		08EDDCEB22D05372007A6005 /* shaders_s.hpp */ = {isa = PBXFileReference; lastKnownFileType = sourcecode.cpp.h; path = shaders_s.hpp; sourceTree = "<group>"; };
		08EDDCED22D428A0007A6005 /* 3.3.shader.vs */ = {isa = PBXFileReference; lastKnownFileType = sourcecode.glsl; path = 3.3.shader.vs; sourceTree = "<group>"; };
		08EDDCEE22D428C4007A6005 /* 3.3.shader.fs */ = {isa = PBXFileReference; lastKnownFileType = sourcecode.glsl; path = 3.3.shader.fs; sourceTree = "<group>"; };
/* End PBXFileReference section */

/* Begin PBXFrameworksBuildPhase section */
		0816591522A001C2004FA813 /* Frameworks */ = {
			isa = PBXFrameworksBuildPhase;
			buildActionMask = 2147483647;
			files = (
				0816593E22A00A99004FA813 /* CoreVideo.framework in Frameworks */,
				0816593D22A00A8C004FA813 /* IOKit.framework in Frameworks */,
				0816593C22A00A7C004FA813 /* Cocoa.framework in Frameworks */,
				0816594022A00ABB004FA813 /* libglfw3.a in Frameworks */,
			);
			runOnlyForDeploymentPostprocessing = 0;
		};
/* End PBXFrameworksBuildPhase section */

/* Begin PBXGroup section */
		0816590F22A001C2004FA813 = {
			isa = PBXGroup;
			children = (
				0816592822A00454004FA813 /* lib */,
				0816591A22A001C2004FA813 /* OpenGLDemo */,
				0816591922A001C2004FA813 /* Products */,
				0816593122A00560004FA813 /* Frameworks */,
			);
			sourceTree = "<group>";
		};
		0816591922A001C2004FA813 /* Products */ = {
			isa = PBXGroup;
			children = (
				0816591822A001C2004FA813 /* OpenGLDemo */,
			);
			name = Products;
			sourceTree = "<group>";
		};
		0816591A22A001C2004FA813 /* OpenGLDemo */ = {
			isa = PBXGroup;
			children = (
				083FB4322303940D002CE9CF /* textures */,
				08EDDCE022C9A574007A6005 /* shaders */,
				0816592222A001D2004FA813 /* triangle */,
				0816591B22A001C2004FA813 /* main.cpp */,
			);
			path = OpenGLDemo;
			sourceTree = "<group>";
		};
		0816592222A001D2004FA813 /* triangle */ = {
			isa = PBXGroup;
			children = (
				0816592322A001F4004FA813 /* triangle.cpp */,
				0816592422A001F4004FA813 /* triangle.hpp */,
				0816594622A0265D004FA813 /* triangle_exercise1.cpp */,
				0816594722A0265D004FA813 /* triangle_exercise1.hpp */,
				0816594922A028D3004FA813 /* triangle_exercise2.cpp */,
				0816594A22A028D3004FA813 /* triangle_exercise2.hpp */,
				0816594C22A02BA5004FA813 /* triangle_exercise3.cpp */,
				0816594D22A02BA5004FA813 /* triangle_exercise3.hpp */,
			);
			path = triangle;
			sourceTree = "<group>";
		};
		0816592822A00454004FA813 /* lib */ = {
			isa = PBXGroup;
			children = (
				0816594122A00ADA004FA813 /* glad.c */,
				0816593F22A00ABB004FA813 /* libglfw3.a */,
			);
			path = lib;
			sourceTree = "<group>";
		};
		0816593122A00560004FA813 /* Frameworks */ = {
			isa = PBXGroup;
			children = (
				0816593622A00575004FA813 /* CoreVideo.framework */,
				0816593422A0056D004FA813 /* IOKit.framework */,
				0816593222A00560004FA813 /* Cocoa.framework */,
			);
			name = Frameworks;
			sourceTree = "<group>";
		};
		083FB4322303940D002CE9CF /* textures */ = {
			isa = PBXGroup;
			children = (
				083FB43C2307A56D002CE9CF /* awesomeface.png */,
				083FB43B2304EA22002CE9CF /* container.jpg */,
				083FB4382304E96D002CE9CF /* stb_image.h */,
				083FB433230394B8002CE9CF /* textures.cpp */,
				083FB434230394B8002CE9CF /* textures.hpp */,
				083FB4362303A078002CE9CF /* 4.1.texture.vs */,
				083FB4372303A0BE002CE9CF /* 4.1.texture.fs */,
				083FB4392304E98D002CE9CF /* stb_image.cpp */,
			);
			path = textures;
			sourceTree = "<group>";
		};
		08EDDCE022C9A574007A6005 /* shaders */ = {
			isa = PBXGroup;
			children = (
				08EDDCE122C9A5D6007A6005 /* shaders_uniform.cpp */,
				08EDDCE222C9A5D6007A6005 /* shaders_uniform.hpp */,
				08EDDCE422CAEA4A007A6005 /* shaders_interpolation.cpp */,
				08EDDCE522CAEA4A007A6005 /* shaders_interpolation.hpp */,
				08EDDCE722CAF0F1007A6005 /* shaders_class.cpp */,
				08EDDCE822CAF0F1007A6005 /* shaders_class.hpp */,
				08EDDCEB22D05372007A6005 /* shaders_s.hpp */,
				08EDDCED22D428A0007A6005 /* 3.3.shader.vs */,
				08EDDCEE22D428C4007A6005 /* 3.3.shader.fs */,
			);
			path = shaders;
			sourceTree = "<group>";
		};
/* End PBXGroup section */

/* Begin PBXNativeTarget section */
		0816591722A001C2004FA813 /* OpenGLDemo */ = {
			isa = PBXNativeTarget;
			buildConfigurationList = 0816591F22A001C2004FA813 /* Build configuration list for PBXNativeTarget "OpenGLDemo" */;
			buildPhases = (
				0816591422A001C2004FA813 /* Sources */,
				0816591522A001C2004FA813 /* Frameworks */,
				0816591622A001C2004FA813 /* CopyFiles */,
			);
			buildRules = (
			);
			dependencies = (
			);
			name = OpenGLDemo;
			productName = OpenGLDemo;
			productReference = 0816591822A001C2004FA813 /* OpenGLDemo */;
			productType = "com.apple.product-type.tool";
		};
/* End PBXNativeTarget section */

/* Begin PBXProject section */
		0816591022A001C2004FA813 /* Project object */ = {
			isa = PBXProject;
			attributes = {
				LastUpgradeCheck = 1010;
				ORGANIZATIONNAME = ly;
				TargetAttributes = {
					0816591722A001C2004FA813 = {
						CreatedOnToolsVersion = 10.1;
					};
				};
			};
			buildConfigurationList = 0816591322A001C2004FA813 /* Build configuration list for PBXProject "OpenGLDemo" */;
			compatibilityVersion = "Xcode 9.3";
			developmentRegion = en;
			hasScannedForEncodings = 0;
			knownRegions = (
				en,
			);
			mainGroup = 0816590F22A001C2004FA813;
			productRefGroup = 0816591922A001C2004FA813 /* Products */;
			projectDirPath = "";
			projectRoot = "";
			targets = (
				0816591722A001C2004FA813 /* OpenGLDemo */,
			);
		};
/* End PBXProject section */

/* Begin PBXSourcesBuildPhase section */
		0816591422A001C2004FA813 /* Sources */ = {
			isa = PBXSourcesBuildPhase;
			buildActionMask = 2147483647;
			files = (
				08EDDCE922CAF0F1007A6005 /* shaders_class.cpp in Sources */,
				083FB43A2304E98E002CE9CF /* stb_image.cpp in Sources */,
				0816594B22A028D3004FA813 /* triangle_exercise2.cpp in Sources */,
				0816591C22A001C2004FA813 /* main.cpp in Sources */,
				083FB435230394B8002CE9CF /* textures.cpp in Sources */,
				0816594822A0265D004FA813 /* triangle_exercise1.cpp in Sources */,
				08EDDCE622CAEA4A007A6005 /* shaders_interpolation.cpp in Sources */,
				0816594E22A02BA5004FA813 /* triangle_exercise3.cpp in Sources */,
				0816592522A001F4004FA813 /* triangle.cpp in Sources */,
				08EDDCE322C9A5D6007A6005 /* shaders_uniform.cpp in Sources */,
				0816594222A00ADA004FA813 /* glad.c in Sources */,
			);
			runOnlyForDeploymentPostprocessing = 0;
		};
/* End PBXSourcesBuildPhase section */

/* Begin XCBuildConfiguration section */
		0816591D22A001C2004FA813 /* Debug */ = {
			isa = XCBuildConfiguration;
			buildSettings = {
				ALWAYS_SEARCH_USER_PATHS = NO;
				CLANG_ANALYZER_NONNULL = YES;
				CLANG_ANALYZER_NUMBER_OBJECT_CONVERSION = YES_AGGRESSIVE;
				CLANG_CXX_LANGUAGE_STANDARD = "gnu++14";
				CLANG_CXX_LIBRARY = "libc++";
				CLANG_ENABLE_MODULES = YES;
				CLANG_ENABLE_OBJC_ARC = YES;
				CLANG_ENABLE_OBJC_WEAK = YES;
				CLANG_WARN_BLOCK_CAPTURE_AUTORELEASING = YES;
				CLANG_WARN_BOOL_CONVERSION = YES;
				CLANG_WARN_COMMA = YES;
				CLANG_WARN_CONSTANT_CONVERSION = YES;
				CLANG_WARN_DEPRECATED_OBJC_IMPLEMENTATIONS = YES;
				CLANG_WARN_DIRECT_OBJC_ISA_USAGE = YES_ERROR;
				CLANG_WARN_DOCUMENTATION_COMMENTS = YES;
				CLANG_WARN_EMPTY_BODY = YES;
				CLANG_WARN_ENUM_CONVERSION = YES;
				CLANG_WARN_INFINITE_RECURSION = YES;
				CLANG_WARN_INT_CONVERSION = YES;
				CLANG_WARN_NON_LITERAL_NULL_CONVERSION = YES;
				CLANG_WARN_OBJC_IMPLICIT_RETAIN_SELF = YES;
				CLANG_WARN_OBJC_LITERAL_CONVERSION = YES;
				CLANG_WARN_OBJC_ROOT_CLASS = YES_ERROR;
				CLANG_WARN_RANGE_LOOP_ANALYSIS = YES;
				CLANG_WARN_STRICT_PROTOTYPES = YES;
				CLANG_WARN_SUSPICIOUS_MOVE = YES;
				CLANG_WARN_UNGUARDED_AVAILABILITY = YES_AGGRESSIVE;
				CLANG_WARN_UNREACHABLE_CODE = YES;
				CLANG_WARN__DUPLICATE_METHOD_MATCH = YES;
				CODE_SIGN_IDENTITY = "-";
				COPY_PHASE_STRIP = NO;
				DEBUG_INFORMATION_FORMAT = dwarf;
				ENABLE_STRICT_OBJC_MSGSEND = YES;
				ENABLE_TESTABILITY = YES;
				GCC_C_LANGUAGE_STANDARD = gnu11;
				GCC_DYNAMIC_NO_PIC = NO;
				GCC_NO_COMMON_BLOCKS = YES;
				GCC_OPTIMIZATION_LEVEL = 0;
				GCC_PREPROCESSOR_DEFINITIONS = (
					"DEBUG=1",
					"$(inherited)",
				);
				GCC_WARN_64_TO_32_BIT_CONVERSION = YES;
				GCC_WARN_ABOUT_RETURN_TYPE = YES_ERROR;
				GCC_WARN_UNDECLARED_SELECTOR = YES;
				GCC_WARN_UNINITIALIZED_AUTOS = YES_AGGRESSIVE;
				GCC_WARN_UNUSED_FUNCTION = YES;
				GCC_WARN_UNUSED_VARIABLE = YES;
				MACOSX_DEPLOYMENT_TARGET = 10.14;
				MTL_ENABLE_DEBUG_INFO = INCLUDE_SOURCE;
				MTL_FAST_MATH = YES;
				ONLY_ACTIVE_ARCH = YES;
				SDKROOT = macosx;
			};
			name = Debug;
		};
		0816591E22A001C2004FA813 /* Release */ = {
			isa = XCBuildConfiguration;
			buildSettings = {
				ALWAYS_SEARCH_USER_PATHS = NO;
				CLANG_ANALYZER_NONNULL = YES;
				CLANG_ANALYZER_NUMBER_OBJECT_CONVERSION = YES_AGGRESSIVE;
				CLANG_CXX_LANGUAGE_STANDARD = "gnu++14";
				CLANG_CXX_LIBRARY = "libc++";
				CLANG_ENABLE_MODULES = YES;
				CLANG_ENABLE_OBJC_ARC = YES;
				CLANG_ENABLE_OBJC_WEAK = YES;
				CLANG_WARN_BLOCK_CAPTURE_AUTORELEASING = YES;
				CLANG_WARN_BOOL_CONVERSION = YES;
				CLANG_WARN_COMMA = YES;
				CLANG_WARN_CONSTANT_CONVERSION = YES;
				CLANG_WARN_DEPRECATED_OBJC_IMPLEMENTATIONS = YES;
				CLANG_WARN_DIRECT_OBJC_ISA_USAGE = YES_ERROR;
				CLANG_WARN_DOCUMENTATION_COMMENTS = YES;
				CLANG_WARN_EMPTY_BODY = YES;
				CLANG_WARN_ENUM_CONVERSION = YES;
				CLANG_WARN_INFINITE_RECURSION = YES;
				CLANG_WARN_INT_CONVERSION = YES;
				CLANG_WARN_NON_LITERAL_NULL_CONVERSION = YES;
				CLANG_WARN_OBJC_IMPLICIT_RETAIN_SELF = YES;
				CLANG_WARN_OBJC_LITERAL_CONVERSION = YES;
				CLANG_WARN_OBJC_ROOT_CLASS = YES_ERROR;
				CLANG_WARN_RANGE_LOOP_ANALYSIS = YES;
				CLANG_WARN_STRICT_PROTOTYPES = YES;
				CLANG_WARN_SUSPICIOUS_MOVE = YES;
				CLANG_WARN_UNGUARDED_AVAILABILITY = YES_AGGRESSIVE;
				CLANG_WARN_UNREACHABLE_CODE = YES;
				CLANG_WARN__DUPLICATE_METHOD_MATCH = YES;
				CODE_SIGN_IDENTITY = "-";
				COPY_PHASE_STRIP = NO;
				DEBUG_INFORMATION_FORMAT = "dwarf-with-dsym";
				ENABLE_NS_ASSERTIONS = NO;
				ENABLE_STRICT_OBJC_MSGSEND = YES;
				GCC_C_LANGUAGE_STANDARD = gnu11;
				GCC_NO_COMMON_BLOCKS = YES;
				GCC_WARN_64_TO_32_BIT_CONVERSION = YES;
				GCC_WARN_ABOUT_RETURN_TYPE = YES_ERROR;
				GCC_WARN_UNDECLARED_SELECTOR = YES;
				GCC_WARN_UNINITIALIZED_AUTOS = YES_AGGRESSIVE;
				GCC_WARN_UNUSED_FUNCTION = YES;
				GCC_WARN_UNUSED_VARIABLE = YES;
				MACOSX_DEPLOYMENT_TARGET = 10.14;
				MTL_ENABLE_DEBUG_INFO = NO;
				MTL_FAST_MATH = YES;
				SDKROOT = macosx;
			};
			name = Release;
		};
		0816592022A001C2004FA813 /* Debug */ = {
			isa = XCBuildConfiguration;
			buildSettings = {
				CODE_SIGN_STYLE = Automatic;
				"HEADER_SEARCH_PATHS[arch=*]" = "\"$(SRCROOT)/../include\"";
				LIBRARY_SEARCH_PATHS = (
					"$(inherited)",
					"$(PROJECT_DIR)/lib",
				);
				PRODUCT_NAME = "$(TARGET_NAME)";
			};
			name = Debug;
		};
		0816592122A001C2004FA813 /* Release */ = {
			isa = XCBuildConfiguration;
			buildSettings = {
				CODE_SIGN_STYLE = Automatic;
				"HEADER_SEARCH_PATHS[arch=*]" = "\"$(SRCROOT)/../include\"";
				LIBRARY_SEARCH_PATHS = (
					"$(inherited)",
					"$(PROJECT_DIR)/lib",
				);
				PRODUCT_NAME = "$(TARGET_NAME)";
			};
			name = Release;
		};
/* End XCBuildConfiguration section */

/* Begin XCConfigurationList section */
		0816591322A001C2004FA813 /* Build configuration list for PBXProject "OpenGLDemo" */ = {
			isa = XCConfigurationList;
			buildConfigurations = (
				0816591D22A001C2004FA813 /* Debug */,
				0816591E22A001C2004FA813 /* Release */,
			);
			defaultConfigurationIsVisible = 0;
			defaultConfigurationName = Release;
		};
		0816591F22A001C2004FA813 /* Build configuration list for PBXNativeTarget "OpenGLDemo" */ = {
			isa = XCConfigurationList;
			buildConfigurations = (
				0816592022A001C2004FA813 /* Debug */,
				0816592122A001C2004FA813 /* Release */,
			);
			defaultConfigurationIsVisible = 0;
			defaultConfigurationName = Release;
		};
/* End XCConfigurationList section */
	};
	rootObject = 0816591022A001C2004FA813 /* Project object */;
}
